// !$*UTF8*$!
{
	archiveVersion = 1;
	classes = {
	};
	objectVersion = 46;
	objects = {

/* Begin PBXBuildFile section */
		9244174D1C308FC60012726E /* AppDelegate.swift in Sources */ = {isa = PBXBuildFile; fileRef = 9244174C1C308FC60012726E /* AppDelegate.swift */; };
		924417521C308FC60012726E /* Main.storyboard in Resources */ = {isa = PBXBuildFile; fileRef = 924417501C308FC60012726E /* Main.storyboard */; };
		924417541C308FC60012726E /* Assets.xcassets in Resources */ = {isa = PBXBuildFile; fileRef = 924417531C308FC60012726E /* Assets.xcassets */; };
		924417571C308FC60012726E /* LaunchScreen.storyboard in Resources */ = {isa = PBXBuildFile; fileRef = 924417551C308FC60012726E /* LaunchScreen.storyboard */; };
		9244175F1C3094EA0012726E /* TableViewController.swift in Sources */ = {isa = PBXBuildFile; fileRef = 9244175E1C3094EA0012726E /* TableViewController.swift */; };
		924417611C3096E20012726E /* CollectionViewController.swift in Sources */ = {isa = PBXBuildFile; fileRef = 924417601C3096E20012726E /* CollectionViewController.swift */; };
		924417631C3097690012726E /* Meme.swift in Sources */ = {isa = PBXBuildFile; fileRef = 924417621C3097690012726E /* Meme.swift */; };
		924417651C30C1980012726E /* DetailViewController.swift in Sources */ = {isa = PBXBuildFile; fileRef = 924417641C30C1980012726E /* DetailViewController.swift */; };
		924417671C30C4660012726E /* SentMemeCollectionViewCell.swift in Sources */ = {isa = PBXBuildFile; fileRef = 924417661C30C4660012726E /* SentMemeCollectionViewCell.swift */; };
		924417691C30D04B0012726E /* EditMemeViewController.swift in Sources */ = {isa = PBXBuildFile; fileRef = 924417681C30D04B0012726E /* EditMemeViewController.swift */; };
		9244176B1C3182A50012726E /* Impact.ttf in Resources */ = {isa = PBXBuildFile; fileRef = 9244176A1C3182A50012726E /* Impact.ttf */; };
		9244176D1C32F1EE0012726E /* Memes.swift in Sources */ = {isa = PBXBuildFile; fileRef = 9244176C1C32F1EE0012726E /* Memes.swift */; };
/* End PBXBuildFile section */

/* Begin PBXFileReference section */
		924417491C308FC60012726E /* MemeMe.app */ = {isa = PBXFileReference; explicitFileType = wrapper.application; includeInIndex = 0; path = MemeMe.app; sourceTree = BUILT_PRODUCTS_DIR; };
		9244174C1C308FC60012726E /* AppDelegate.swift */ = {isa = PBXFileReference; lastKnownFileType = sourcecode.swift; path = AppDelegate.swift; sourceTree = "<group>"; };
		924417511C308FC60012726E /* Base */ = {isa = PBXFileReference; lastKnownFileType = file.storyboard; name = Base; path = Base.lproj/Main.storyboard; sourceTree = "<group>"; };
		924417531C308FC60012726E /* Assets.xcassets */ = {isa = PBXFileReference; lastKnownFileType = folder.assetcatalog; path = Assets.xcassets; sourceTree = "<group>"; };
		924417561C308FC60012726E /* Base */ = {isa = PBXFileReference; lastKnownFileType = file.storyboard; name = Base; path = Base.lproj/LaunchScreen.storyboard; sourceTree = "<group>"; };
		924417581C308FC60012726E /* Info.plist */ = {isa = PBXFileReference; lastKnownFileType = text.plist.xml; path = Info.plist; sourceTree = "<group>"; };
		9244175E1C3094EA0012726E /* TableViewController.swift */ = {isa = PBXFileReference; fileEncoding = 4; lastKnownFileType = sourcecode.swift; path = TableViewController.swift; sourceTree = "<group>"; };
		924417601C3096E20012726E /* CollectionViewController.swift */ = {isa = PBXFileReference; fileEncoding = 4; lastKnownFileType = sourcecode.swift; path = CollectionViewController.swift; sourceTree = "<group>"; };
		924417621C3097690012726E /* Meme.swift */ = {isa = PBXFileReference; fileEncoding = 4; lastKnownFileType = sourcecode.swift; path = Meme.swift; sourceTree = "<group>"; };
		924417641C30C1980012726E /* DetailViewController.swift */ = {isa = PBXFileReference; fileEncoding = 4; lastKnownFileType = sourcecode.swift; path = DetailViewController.swift; sourceTree = "<group>"; };
		924417661C30C4660012726E /* SentMemeCollectionViewCell.swift */ = {isa = PBXFileReference; fileEncoding = 4; lastKnownFileType = sourcecode.swift; path = SentMemeCollectionViewCell.swift; sourceTree = "<group>"; };
		924417681C30D04B0012726E /* EditMemeViewController.swift */ = {isa = PBXFileReference; fileEncoding = 4; lastKnownFileType = sourcecode.swift; path = EditMemeViewController.swift; sourceTree = "<group>"; };
		9244176A1C3182A50012726E /* Impact.ttf */ = {isa = PBXFileReference; lastKnownFileType = file; path = Impact.ttf; sourceTree = "<group>"; };
		9244176C1C32F1EE0012726E /* Memes.swift */ = {isa = PBXFileReference; fileEncoding = 4; lastKnownFileType = sourcecode.swift; path = Memes.swift; sourceTree = "<group>"; };
/* End PBXFileReference section */

/* Begin PBXFrameworksBuildPhase section */
		924417461C308FC50012726E /* Frameworks */ = {
			isa = PBXFrameworksBuildPhase;
			buildActionMask = 2147483647;
			files = (
			);
			runOnlyForDeploymentPostprocessing = 0;
		};
/* End PBXFrameworksBuildPhase section */

/* Begin PBXGroup section */
		924417401C308FC50012726E = {
			isa = PBXGroup;
			children = (
				9244174B1C308FC60012726E /* MemeMe */,
				9244174A1C308FC60012726E /* Products */,
			);
			sourceTree = "<group>";
		};
		9244174A1C308FC60012726E /* Products */ = {
			isa = PBXGroup;
			children = (
				924417491C308FC60012726E /* MemeMe.app */,
			);
			name = Products;
			sourceTree = "<group>";
		};
		9244174B1C308FC60012726E /* MemeMe */ = {
			isa = PBXGroup;
			children = (
				9244176A1C3182A50012726E /* Impact.ttf */,
				9244174C1C308FC60012726E /* AppDelegate.swift */,
				924417501C308FC60012726E /* Main.storyboard */,
				924417531C308FC60012726E /* Assets.xcassets */,
				924417551C308FC60012726E /* LaunchScreen.storyboard */,
				924417581C308FC60012726E /* Info.plist */,
				9244175E1C3094EA0012726E /* TableViewController.swift */,
				924417601C3096E20012726E /* CollectionViewController.swift */,
				924417621C3097690012726E /* Meme.swift */,
				924417641C30C1980012726E /* DetailViewController.swift */,
				924417661C30C4660012726E /* SentMemeCollectionViewCell.swift */,
				924417681C30D04B0012726E /* EditMemeViewController.swift */,
				9244176C1C32F1EE0012726E /* Memes.swift */,
			);
			path = MemeMe;
			sourceTree = "<group>";
		};
/* End PBXGroup section */

/* Begin PBXNativeTarget section */
		924417481C308FC50012726E /* MemeMe */ = {
			isa = PBXNativeTarget;
			buildConfigurationList = 9244175B1C308FC60012726E /* Build configuration list for PBXNativeTarget "MemeMe" */;
			buildPhases = (
				924417451C308FC50012726E /* Sources */,
				924417461C308FC50012726E /* Frameworks */,
				924417471C308FC50012726E /* Resources */,
			);
			buildRules = (
			);
			dependencies = (
			);
			name = MemeMe;
			productName = MemeMe;
			productReference = 924417491C308FC60012726E /* MemeMe.app */;
			productType = "com.apple.product-type.application";
		};
/* End PBXNativeTarget section */

/* Begin PBXProject section */
		924417411C308FC50012726E /* Project object */ = {
			isa = PBXProject;
			attributes = {
				LastSwiftUpdateCheck = 0720;
				LastUpgradeCheck = 0720;
				ORGANIZATIONNAME = Hexaedre;
				TargetAttributes = {
					924417481C308FC50012726E = {
						CreatedOnToolsVersion = 7.2;
						DevelopmentTeam = 7B656Y9UYB;
					};
				};
			};
			buildConfigurationList = 924417441C308FC50012726E /* Build configuration list for PBXProject "MemeMe" */;
			compatibilityVersion = "Xcode 3.2";
			developmentRegion = English;
			hasScannedForEncodings = 0;
			knownRegions = (
				en,
				Base,
			);
			mainGroup = 924417401C308FC50012726E;
			productRefGroup = 9244174A1C308FC60012726E /* Products */;
			projectDirPath = "";
			projectRoot = "";
			targets = (
				924417481C308FC50012726E /* MemeMe */,
			);
		};
/* End PBXProject section */

/* Begin PBXResourcesBuildPhase section */
		924417471C308FC50012726E /* Resources */ = {
			isa = PBXResourcesBuildPhase;
			buildActionMask = 2147483647;
			files = (
				9244176B1C3182A50012726E /* Impact.ttf in Resources */,
				924417571C308FC60012726E /* LaunchScreen.storyboard in Resources */,
				924417541C308FC60012726E /* Assets.xcassets in Resources */,
				924417521C308FC60012726E /* Main.storyboard in Resources */,
			);
			runOnlyForDeploymentPostprocessing = 0;
		};
/* End PBXResourcesBuildPhase section */

/* Begin PBXSourcesBuildPhase section */
		924417451C308FC50012726E /* Sources */ = {
			isa = PBXSourcesBuildPhase;
			buildActionMask = 2147483647;
			files = (
				924417611C3096E20012726E /* CollectionViewController.swift in Sources */,
				924417631C3097690012726E /* Meme.swift in Sources */,
				924417651C30C1980012726E /* DetailViewController.swift in Sources */,
				9244174D1C308FC60012726E /* AppDelegate.swift in Sources */,
				924417671C30C4660012726E /* SentMemeCollectionViewCell.swift in Sources */,
				9244176D1C32F1EE0012726E /* Memes.swift in Sources */,
				9244175F1C3094EA0012726E /* TableViewController.swift in Sources */,
				924417691C30D04B0012726E /* EditMemeViewController.swift in Sources */,
			);
			runOnlyForDeploymentPostprocessing = 0;
		};
/* End PBXSourcesBuildPhase section */

/* Begin PBXVariantGroup section */
		924417501C308FC60012726E /* Main.storyboard */ = {
			isa = PBXVariantGroup;
			children = (
				924417511C308FC60012726E /* Base */,
			);
			name = Main.storyboard;
			sourceTree = "<group>";
		};
		924417551C308FC60012726E /* LaunchScreen.storyboard */ = {
			isa = PBXVariantGroup;
			children = (
				924417561C308FC60012726E /* Base */,
			);
			name = LaunchScreen.storyboard;
			sourceTree = "<group>";
		};
/* End PBXVariantGroup section */

/* Begin XCBuildConfiguration section */
		924417591C308FC60012726E /* Debug */ = {
			isa = XCBuildConfiguration;
			buildSettings = {
				ALWAYS_SEARCH_USER_PATHS = NO;
				CLANG_CXX_LANGUAGE_STANDARD = "gnu++0x";
				CLANG_CXX_LIBRARY = "libc++";
				CLANG_ENABLE_MODULES = YES;
				CLANG_ENABLE_OBJC_ARC = YES;
				CLANG_WARN_BOOL_CONVERSION = YES;
				CLANG_WARN_CONSTANT_CONVERSION = YES;
				CLANG_WARN_DIRECT_OBJC_ISA_USAGE = YES_ERROR;
				CLANG_WARN_EMPTY_BODY = YES;
				CLANG_WARN_ENUM_CONVERSION = YES;
				CLANG_WARN_INT_CONVERSION = YES;
				CLANG_WARN_OBJC_ROOT_CLASS = YES_ERROR;
				CLANG_WARN_UNREACHABLE_CODE = YES;
				CLANG_WARN__DUPLICATE_METHOD_MATCH = YES;
				"CODE_SIGN_IDENTITY[sdk=iphoneos*]" = "iPhone Developer";
				COPY_PHASE_STRIP = NO;
				DEBUG_INFORMATION_FORMAT = dwarf;
				ENABLE_STRICT_OBJC_MSGSEND = YES;
				ENABLE_TESTABILITY = YES;
				GCC_C_LANGUAGE_STANDARD = gnu99;
				GCC_DYNAMIC_NO_PIC = NO;
				GCC_NO_COMMON_BLOCKS = YES;
				GCC_OPTIMIZATION_LEVEL = 0;
				GCC_PREPROCESSOR_DEFINITIONS = (
					"DEBUG=1",
					"$(inherited)",
				);
				GCC_WARN_64_TO_32_BIT_CONVERSION = YES;
				GCC_WARN_ABOUT_RETURN_TYPE = YES_ERROR;
				GCC_WARN_UNDECLARED_SELECTOR = YES;
				GCC_WARN_UNINITIALIZED_AUTOS = YES_AGGRESSIVE;
				GCC_WARN_UNUSED_FUNCTION = YES;
				GCC_WARN_UNUSED_VARIABLE = YES;
				IPHONEOS_DEPLOYMENT_TARGET = 9.2;
				MTL_ENABLE_DEBUG_INFO = YES;
				ONLY_ACTIVE_ARCH = YES;
				SDKROOT = iphoneos;
				SWIFT_OPTIMIZATION_LEVEL = "-Onone";
			};
			name = Debug;
		};
		9244175A1C308FC60012726E /* Release */ = {
			isa = XCBuildConfiguration;
			buildSettings = {
				ALWAYS_SEARCH_USER_PATHS = NO;
				CLANG_CXX_LANGUAGE_STANDARD = "gnu++0x";
				CLANG_CXX_LIBRARY = "libc++";
				CLANG_ENABLE_MODULES = YES;
				CLANG_ENABLE_OBJC_ARC = YES;
				CLANG_WARN_BOOL_CONVERSION = YES;
				CLANG_WARN_CONSTANT_CONVERSION = YES;
				CLANG_WARN_DIRECT_OBJC_ISA_USAGE = YES_ERROR;
				CLANG_WARN_EMPTY_BODY = YES;
				CLANG_WARN_ENUM_CONVERSION = YES;
				CLANG_WARN_INT_CONVERSION = YES;
				CLANG_WARN_OBJC_ROOT_CLASS = YES_ERROR;
				CLANG_WARN_UNREACHABLE_CODE = YES;
				CLANG_WARN__DUPLICATE_METHOD_MATCH = YES;
				"CODE_SIGN_IDENTITY[sdk=iphoneos*]" = "iPhone Developer";
				COPY_PHASE_STRIP = NO;
				DEBUG_INFORMATION_FORMAT = "dwarf-with-dsym";
				ENABLE_NS_ASSERTIONS = NO;
				ENABLE_STRICT_OBJC_MSGSEND = YES;
				GCC_C_LANGUAGE_STANDARD = gnu99;
				GCC_NO_COMMON_BLOCKS = YES;
				GCC_WARN_64_TO_32_BIT_CONVERSION = YES;
				GCC_WARN_ABOUT_RETURN_TYPE = YES_ERROR;
				GCC_WARN_UNDECLARED_SELECTOR = YES;
				GCC_WARN_UNINITIALIZED_AUTOS = YES_AGGRESSIVE;
				GCC_WARN_UNUSED_FUNCTION = YES;
				GCC_WARN_UNUSED_VARIABLE = YES;
				IPHONEOS_DEPLOYMENT_TARGET = 9.2;
				MTL_ENABLE_DEBUG_INFO = NO;
				SDKROOT = iphoneos;
				VALIDATE_PRODUCT = YES;
			};
			name = Release;
		};
		9244175C1C308FC60012726E /* Debug */ = {
			isa = XCBuildConfiguration;
			buildSettings = {
				ASSETCATALOG_COMPILER_APPICON_NAME = AppIcon;
				CODE_SIGN_IDENTITY = "iPhone Developer";
				"CODE_SIGN_IDENTITY[sdk=iphoneos*]" = "iPhone Developer";
				INFOPLIST_FILE = MemeMe/Info.plist;
				LD_RUNPATH_SEARCH_PATHS = "$(inherited) @executable_path/Frameworks";
				PRODUCT_BUNDLE_IDENTIFIER = com.hexaedre.MemeMe;
				PRODUCT_NAME = "$(TARGET_NAME)";
				PROVISIONING_PROFILE = "";
			};
			name = Debug;
		};
		9244175D1C308FC60012726E /* Release */ = {
			isa = XCBuildConfiguration;
			buildSettings = {
				ASSETCATALOG_COMPILER_APPICON_NAME = AppIcon;
				CODE_SIGN_IDENTITY = "iPhone Developer";
				"CODE_SIGN_IDENTITY[sdk=iphoneos*]" = "iPhone Developer";
				INFOPLIST_FILE = MemeMe/Info.plist;
				LD_RUNPATH_SEARCH_PATHS = "$(inherited) @executable_path/Frameworks";
				PRODUCT_BUNDLE_IDENTIFIER = com.hexaedre.MemeMe;
				PRODUCT_NAME = "$(TARGET_NAME)";
				PROVISIONING_PROFILE = "";
			};
			name = Release;
		};
/* End XCBuildConfiguration section */

/* Begin XCConfigurationList section */
		924417441C308FC50012726E /* Build configuration list for PBXProject "MemeMe" */ = {
			isa = XCConfigurationList;
			buildConfigurations = (
				924417591C308FC60012726E /* Debug */,
				9244175A1C308FC60012726E /* Release */,
			);
			defaultConfigurationIsVisible = 0;
			defaultConfigurationName = Release;
		};
		9244175B1C308FC60012726E /* Build configuration list for PBXNativeTarget "MemeMe" */ = {
			isa = XCConfigurationList;
			buildConfigurations = (
				9244175C1C308FC60012726E /* Debug */,
				9244175D1C308FC60012726E /* Release */,
			);
			defaultConfigurationIsVisible = 0;
			defaultConfigurationName = Release;
		};
/* End XCConfigurationList section */
	};
	rootObject = 924417411C308FC50012726E /* Project object */;
}
